
Microsoft Visual Studio Solution File, Format Version 12.00
# Visual Studio Version 17
VisualStudioVersion = 17.10.35122.118
MinimumVisualStudioVersion = 10.0.40219.1
Project("{FAE04EC0-301F-11D3-BF4B-00C04F79EFBC}") = "Casting_Hunt_Shayla", "Casting_Hunt_Shayla\Casting_Hunt_Shayla.csproj", "{D91DA7DC-3ED2-4D67-9294-AB19DAC42DDD}"
EndProject
Global
	GlobalSection(SolutionConfigurationPlatforms) = preSolution
		Debug|Any CPU = Debug|Any CPU
		Release|Any CPU = Release|Any CPU
	EndGlobalSection
	GlobalSection(ProjectConfigurationPlatforms) = postSolution
		{D91DA7DC-3ED2-4D67-9294-AB19DAC42DDD}.Debug|Any CPU.ActiveCfg = Debug|Any CPU
		{D91DA7DC-3ED2-4D67-9294-AB19DAC42DDD}.Debug|Any CPU.Build.0 = Debug|Any CPU
		{D91DA7DC-3ED2-4D67-9294-AB19DAC42DDD}.Release|Any CPU.ActiveCfg = Release|Any CPU
		{D91DA7DC-3ED2-4D67-9294-AB19DAC42DDD}.Release|Any CPU.Build.0 = Release|Any CPU
	EndGlobalSection
	GlobalSection(SolutionProperties) = preSolution
		HideSolutionNode = FALSE
	EndGlobalSection
	GlobalSection(ExtensibilityGlobals) = postSolution
		SolutionGuid = {750E50D2-98E5-460D-ACFE-ACE69553CB61}
	EndGlobalSection
EndGlobal
